lockfileVersion: 5.3

specifiers:
  prettier: ^2.5.1
  pureimage: ^0.3.8
  randomcolor: ^0.6.2

dependencies:
  pureimage: 0.3.8
  randomcolor: 0.6.2

devDependencies:
  prettier: 2.6.2

packages:

  /jpeg-js/0.4.4:
    resolution: {integrity: sha512-WZzeDOEtTOBK4Mdsar0IqEU5sMr3vSV2RqkAIzUEV2BHnUfKGyswWFPFwK5EeDo93K3FohSHbLAjj0s1Wzd+dg==}
    dev: false

  /opentype.js/0.4.11:
    resolution: {integrity: sha512-GthxucX/6aftfLdeU5Ho7o7zmQcC8uVtqdcelVq12X++ndxwBZG8Xb5rFEKT7nEcWDD2P1x+TNuJ70jtj1Mbpw==}
    hasBin: true
    dev: false

  /pngjs/3.4.0:
    resolution: {integrity: sha512-NCrCHhWmnQklfH4MtJMRjZ2a8c80qXeMlQMv2uVp9ISJMTt562SbGd6n2oq0PaPgKm7Z6pL9E2UlLIhC+SHL3w==}
    engines: {node: '>=4.0.0'}
    dev: false

  /prettier/2.6.2:
    resolution: {integrity: sha512-PkUpF+qoXTqhOeWL9fu7As8LXsIUZ1WYaJiY/a7McAQzxjk82OF0tibkFXVCDImZtWxbvojFjerkiLb0/q8mew==}
    engines: {node: '>=10.13.0'}
    hasBin: true
    dev: true

  /pureimage/0.3.8:
    resolution: {integrity: sha512-+CuR0HM0VmBfKKQTM56myBonDZAhZkS6ymJ8W5oYYDXG7y7X34B/dEH3UesbJI497Vc2OkA+g8T1/Xj/FTyQ8A==}
    engines: {node: '>=0.8'}
    dependencies:
      jpeg-js: 0.4.4
      opentype.js: 0.4.11
      pngjs: 3.4.0
    dev: false

  /randomcolor/0.6.2:
    resolution: {integrity: sha512-Mn6TbyYpFgwFuQ8KJKqf3bqqY9O1y37/0jgSK/61PUxV4QfIMv0+K2ioq8DfOjkBslcjwSzRfIDEXfzA9aCx7A==}
    dev: false
